
Microsoft Visual Studio Solution File, Format Version 12.00
# Visual Studio Version 17
VisualStudioVersion = 17.8.34525.116
MinimumVisualStudioVersion = 10.0.40219.1
Project("{9A19103F-16F7-4668-BE54-9A1E7A4F7556}") = "cc.isr.Tcp.Client", "tcp\tcp.client\cc.isr.Tcp.Client.csproj", "{E1DA3D68-5A98-446E-B429-BE00A7939F60}"
EndProject
Project("{2150E333-8FDC-42A3-9474-1A3956D46DE8}") = "~items", "~items", "{7954DF8D-DC5C-49FD-946B-607B39B8F6CF}"
	ProjectSection(SolutionItems) = preProject
		..\CHANGELOG.md = ..\CHANGELOG.md
		items\version.build.bat = items\version.build.bat
		items\version.build.props = items\version.build.props
		items\version.build.tt = items\version.build.tt
	EndProjectSection
EndProject
Global
	GlobalSection(SolutionConfigurationPlatforms) = preSolution
		Debug|Any CPU = Debug|Any CPU
		Release|Any CPU = Release|Any CPU
	EndGlobalSection
	GlobalSection(ProjectConfigurationPlatforms) = postSolution
		{E1DA3D68-5A98-446E-B429-BE00A7939F60}.Debug|Any CPU.ActiveCfg = Debug|Any CPU
		{E1DA3D68-5A98-446E-B429-BE00A7939F60}.Debug|Any CPU.Build.0 = Debug|Any CPU
		{E1DA3D68-5A98-446E-B429-BE00A7939F60}.Release|Any CPU.ActiveCfg = Release|Any CPU
		{E1DA3D68-5A98-446E-B429-BE00A7939F60}.Release|Any CPU.Build.0 = Release|Any CPU
	EndGlobalSection
	GlobalSection(SolutionProperties) = preSolution
		HideSolutionNode = FALSE
	EndGlobalSection
	GlobalSection(ExtensibilityGlobals) = postSolution
		SolutionGuid = {610570CE-BCEE-4098-9D74-2BCB0D19B61E}
	EndGlobalSection
EndGlobal
