
Microsoft Visual Studio Solution File, Format Version 12.00
# Visual Studio Version 17
VisualStudioVersion = 17.8.34525.116
MinimumVisualStudioVersion = 10.0.40219.1
Project("{9A19103F-16F7-4668-BE54-9A1E7A4F7556}") = "cc.isr.Tcp.Client", "tcp\tcp.client\cc.isr.Tcp.Client.csproj", "{E1DA3D68-5A98-446E-B429-BE00A7939F60}"
EndProject
Project("{2150E333-8FDC-42A3-9474-1A3956D46DE8}") = "~items", "~items", "{7954DF8D-DC5C-49FD-946B-607B39B8F6CF}"
	ProjectSection(SolutionItems) = preProject
		..\changelog.md = ..\changelog.md
		items\version.build.bat = items\version.build.bat
		items\version.build.props = items\version.build.props
		items\version.build.tt = items\version.build.tt
	EndProjectSection
EndProject
Project("{9A19103F-16F7-4668-BE54-9A1E7A4F7556}") = "cc.isr.Tcp.Client.MSTest", "tcp\tcp.client.mstest\cc.isr.Tcp.Client.MSTest.csproj", "{FBE8D024-E799-464E-98A0-66273664A70B}"
EndProject
Project("{9A19103F-16F7-4668-BE54-9A1E7A4F7556}") = "cc.isr.Tcp.Tsp.Device", "tsp\tsp.device\cc.isr.Tcp.Tsp.Device.csproj", "{820B9436-A612-432C-8F18-7D3D10C771A0}"
EndProject
Project("{9A19103F-16F7-4668-BE54-9A1E7A4F7556}") = "cc.isr.Tcp.Tsp.Device.MSTest", "tsp\tsp.device.mstest\cc.isr.Tcp.Tsp.Device.MSTest.csproj", "{3670A756-C787-4EBA-A3C5-07521656ADF5}"
EndProject
Project("{9A19103F-16F7-4668-BE54-9A1E7A4F7556}") = "cc.isr.Tcp.Tsp.K7510.Digitizer", "k7510\K7510.Digitizer\cc.isr.Tcp.Tsp.K7510.Digitizer.csproj", "{FE908286-014B-4475-915C-079BF674EF7C}"
EndProject
Global
	GlobalSection(SolutionConfigurationPlatforms) = preSolution
		Debug|Any CPU = Debug|Any CPU
		Release|Any CPU = Release|Any CPU
	EndGlobalSection
	GlobalSection(ProjectConfigurationPlatforms) = postSolution
		{E1DA3D68-5A98-446E-B429-BE00A7939F60}.Debug|Any CPU.ActiveCfg = Debug|Any CPU
		{E1DA3D68-5A98-446E-B429-BE00A7939F60}.Debug|Any CPU.Build.0 = Debug|Any CPU
		{E1DA3D68-5A98-446E-B429-BE00A7939F60}.Release|Any CPU.ActiveCfg = Release|Any CPU
		{E1DA3D68-5A98-446E-B429-BE00A7939F60}.Release|Any CPU.Build.0 = Release|Any CPU
		{FBE8D024-E799-464E-98A0-66273664A70B}.Debug|Any CPU.ActiveCfg = Debug|Any CPU
		{FBE8D024-E799-464E-98A0-66273664A70B}.Debug|Any CPU.Build.0 = Debug|Any CPU
		{FBE8D024-E799-464E-98A0-66273664A70B}.Release|Any CPU.ActiveCfg = Release|Any CPU
		{FBE8D024-E799-464E-98A0-66273664A70B}.Release|Any CPU.Build.0 = Release|Any CPU
		{820B9436-A612-432C-8F18-7D3D10C771A0}.Debug|Any CPU.ActiveCfg = Debug|Any CPU
		{820B9436-A612-432C-8F18-7D3D10C771A0}.Debug|Any CPU.Build.0 = Debug|Any CPU
		{820B9436-A612-432C-8F18-7D3D10C771A0}.Release|Any CPU.ActiveCfg = Release|Any CPU
		{820B9436-A612-432C-8F18-7D3D10C771A0}.Release|Any CPU.Build.0 = Release|Any CPU
		{3670A756-C787-4EBA-A3C5-07521656ADF5}.Debug|Any CPU.ActiveCfg = Debug|Any CPU
		{3670A756-C787-4EBA-A3C5-07521656ADF5}.Debug|Any CPU.Build.0 = Debug|Any CPU
		{3670A756-C787-4EBA-A3C5-07521656ADF5}.Release|Any CPU.ActiveCfg = Release|Any CPU
		{3670A756-C787-4EBA-A3C5-07521656ADF5}.Release|Any CPU.Build.0 = Release|Any CPU
		{FE908286-014B-4475-915C-079BF674EF7C}.Debug|Any CPU.ActiveCfg = Debug|Any CPU
		{FE908286-014B-4475-915C-079BF674EF7C}.Debug|Any CPU.Build.0 = Debug|Any CPU
		{FE908286-014B-4475-915C-079BF674EF7C}.Release|Any CPU.ActiveCfg = Release|Any CPU
		{FE908286-014B-4475-915C-079BF674EF7C}.Release|Any CPU.Build.0 = Release|Any CPU
	EndGlobalSection
	GlobalSection(SolutionProperties) = preSolution
		HideSolutionNode = FALSE
	EndGlobalSection
	GlobalSection(ExtensibilityGlobals) = postSolution
		SolutionGuid = {610570CE-BCEE-4098-9D74-2BCB0D19B61E}
	EndGlobalSection
EndGlobal
