
Microsoft Visual Studio Solution File, Format Version 12.00
# Visual Studio Version 17
VisualStudioVersion = 17.4.33103.184
MinimumVisualStudioVersion = 10.0.40219.1
Project("{9A19103F-16F7-4668-BE54-9A1E7A4F7556}") = "Keithley.Dmm7510", "libs\Keihtley.Dmm7510\Keithley.Dmm7510.csproj", "{78A38D8B-12FD-4679-8F66-16135BF732F5}"
EndProject
Project("{9A19103F-16F7-4668-BE54-9A1E7A4F7556}") = "Keithley.Dmm7510.Digitizer", "scpi.7510\keithley.dmm7510.digitizer.demo\Keithley.Dmm7510.Digitizer.csproj", "{0E2658F4-CC47-4FDE-8BCA-0A30E468D6A3}"
EndProject
Project("{2150E333-8FDC-42A3-9474-1A3956D46DE8}") = "~items", "~items", "{E0C815C2-F588-4370-A334-AB9199F0A3ED}"
	ProjectSection(SolutionItems) = preProject
		CHANGELOG.md = CHANGELOG.md
		items\ignored.dic = items\ignored.dic
		Keithley.Dmm7510.sln.vsspell = Keithley.Dmm7510.sln.vsspell
		README.md = README.md
	EndProjectSection
EndProject
Project("{9A19103F-16F7-4668-BE54-9A1E7A4F7556}") = "Keithley.Tcp", "scpi\keithley.tcp\Keithley.Tcp.csproj", "{9719CCCE-20E2-4E88-933A-2422FAAB2496}"
EndProject
Project("{9A19103F-16F7-4668-BE54-9A1E7A4F7556}") = "Keithley.Tcp.MSTest", "scpi\keithley.tcp.MSTest\Keithley.Tcp.MSTest.csproj", "{018CC430-73F6-47CA-BE97-FFA22EE2D5E7}"
EndProject
Project("{9A19103F-16F7-4668-BE54-9A1E7A4F7556}") = "TcpEchoServer", "..\..\..\src\tcp\tcp.echo.server\TcpEchoServer.csproj", "{6CA53029-6947-4DA8-9826-9FC18B3FB373}"
EndProject
Global
	GlobalSection(SolutionConfigurationPlatforms) = preSolution
		Debug|Any CPU = Debug|Any CPU
		Release|Any CPU = Release|Any CPU
	EndGlobalSection
	GlobalSection(ProjectConfigurationPlatforms) = postSolution
		{78A38D8B-12FD-4679-8F66-16135BF732F5}.Debug|Any CPU.ActiveCfg = Debug|Any CPU
		{78A38D8B-12FD-4679-8F66-16135BF732F5}.Debug|Any CPU.Build.0 = Debug|Any CPU
		{78A38D8B-12FD-4679-8F66-16135BF732F5}.Release|Any CPU.ActiveCfg = Release|Any CPU
		{78A38D8B-12FD-4679-8F66-16135BF732F5}.Release|Any CPU.Build.0 = Release|Any CPU
		{0E2658F4-CC47-4FDE-8BCA-0A30E468D6A3}.Debug|Any CPU.ActiveCfg = Debug|Any CPU
		{0E2658F4-CC47-4FDE-8BCA-0A30E468D6A3}.Debug|Any CPU.Build.0 = Debug|Any CPU
		{0E2658F4-CC47-4FDE-8BCA-0A30E468D6A3}.Release|Any CPU.ActiveCfg = Release|Any CPU
		{0E2658F4-CC47-4FDE-8BCA-0A30E468D6A3}.Release|Any CPU.Build.0 = Release|Any CPU
		{9719CCCE-20E2-4E88-933A-2422FAAB2496}.Debug|Any CPU.ActiveCfg = Debug|Any CPU
		{9719CCCE-20E2-4E88-933A-2422FAAB2496}.Debug|Any CPU.Build.0 = Debug|Any CPU
		{9719CCCE-20E2-4E88-933A-2422FAAB2496}.Release|Any CPU.ActiveCfg = Release|Any CPU
		{9719CCCE-20E2-4E88-933A-2422FAAB2496}.Release|Any CPU.Build.0 = Release|Any CPU
		{018CC430-73F6-47CA-BE97-FFA22EE2D5E7}.Debug|Any CPU.ActiveCfg = Debug|Any CPU
		{018CC430-73F6-47CA-BE97-FFA22EE2D5E7}.Debug|Any CPU.Build.0 = Debug|Any CPU
		{018CC430-73F6-47CA-BE97-FFA22EE2D5E7}.Release|Any CPU.ActiveCfg = Release|Any CPU
		{018CC430-73F6-47CA-BE97-FFA22EE2D5E7}.Release|Any CPU.Build.0 = Release|Any CPU
		{6CA53029-6947-4DA8-9826-9FC18B3FB373}.Debug|Any CPU.ActiveCfg = Debug|Any CPU
		{6CA53029-6947-4DA8-9826-9FC18B3FB373}.Debug|Any CPU.Build.0 = Debug|Any CPU
		{6CA53029-6947-4DA8-9826-9FC18B3FB373}.Release|Any CPU.ActiveCfg = Release|Any CPU
		{6CA53029-6947-4DA8-9826-9FC18B3FB373}.Release|Any CPU.Build.0 = Release|Any CPU
	EndGlobalSection
	GlobalSection(SolutionProperties) = preSolution
		HideSolutionNode = FALSE
	EndGlobalSection
	GlobalSection(ExtensibilityGlobals) = postSolution
		SolutionGuid = {5341608A-6B67-4134-BF08-4FB7207ED8AF}
	EndGlobalSection
EndGlobal
